{
  "originHash" : "d213eaff878599b8a2315af9629c8a87bae723f9170ab7fc846590e39a34bae6",
  "pins" : [
    {
      "identity" : "grdb.swift",
      "kind" : "remoteSourceControl",
      "location" : "https://github.com/groue/GRDB.swift.git",
      "state" : {
        "revision" : "a5a1be26b4513dc7ec360eb56bc08a345bac6649",
        "version" : "7.5.0"
      }
    },
    {
      "identity" : "spiral",
      "kind" : "remoteSourceControl",
      "location" : "https://github.com/buh/Spiral.git",
      "state" : {
        "revision" : "c529d2e71152edf6890f5f508689de17936d6e96",
        "version" : "1.0.1"
      }
    },
    {
      "identity" : "swift-argument-parser",
      "kind" : "remoteSourceControl",
      "location" : "https://github.com/apple/swift-argument-parser.git",
      "state" : {
        "revision" : "41982a3656a71c768319979febd796c6fd111d5c",
        "version" : "1.5.0"
      }
    }
  ],
  "version" : 3
}
